
Microsoft Visual Studio Solution File, Format Version 12.00
# Visual Studio 15
VisualStudioVersion = 15.0.27703.2026
MinimumVisualStudioVersion = 10.0.40219.1
Project("{FAE04EC0-301F-11D3-BF4B-00C04F79EFBC}") = "Test", "..\Test\Test.csproj", "{4927AFEC-B4C3-48B1-8591-583C57B0B44E}"
EndProject
Project("{9A19103F-16F7-4668-BE54-9A1E7A4F7556}") = "ParseLib", "ParseLib\ParseLib.csproj", "{87A6CCCC-4B93-4AF9-AB9F-7655A38C3B88}"
EndProject
Global
	GlobalSection(SolutionConfigurationPlatforms) = preSolution
		Debug|Any CPU = Debug|Any CPU
		Release|Any CPU = Release|Any CPU
	EndGlobalSection
	GlobalSection(ProjectConfigurationPlatforms) = postSolution
		{4927AFEC-B4C3-48B1-8591-583C57B0B44E}.Debug|Any CPU.ActiveCfg = Debug|Any CPU
		{4927AFEC-B4C3-48B1-8591-583C57B0B44E}.Debug|Any CPU.Build.0 = Debug|Any CPU
		{4927AFEC-B4C3-48B1-8591-583C57B0B44E}.Release|Any CPU.ActiveCfg = Release|Any CPU
		{4927AFEC-B4C3-48B1-8591-583C57B0B44E}.Release|Any CPU.Build.0 = Release|Any CPU
		{87A6CCCC-4B93-4AF9-AB9F-7655A38C3B88}.Debug|Any CPU.ActiveCfg = Debug|Any CPU
		{87A6CCCC-4B93-4AF9-AB9F-7655A38C3B88}.Debug|Any CPU.Build.0 = Debug|Any CPU
		{87A6CCCC-4B93-4AF9-AB9F-7655A38C3B88}.Release|Any CPU.ActiveCfg = Release|Any CPU
		{87A6CCCC-4B93-4AF9-AB9F-7655A38C3B88}.Release|Any CPU.Build.0 = Release|Any CPU
	EndGlobalSection
	GlobalSection(SolutionProperties) = preSolution
		HideSolutionNode = FALSE
	EndGlobalSection
	GlobalSection(ExtensibilityGlobals) = postSolution
		SolutionGuid = {6231DDDA-3C5B-42CE-8CDD-51BD9F5DE2EF}
	EndGlobalSection
EndGlobal
